
Microsoft Visual Studio Solution File, Format Version 12.00
# Visual Studio Version 17
VisualStudioVersion = 17.8.34316.72
MinimumVisualStudioVersion = 10.0.40219.1
Project("{8BC9CEB8-8B4A-11D0-8D11-00A0C91BC942}") = "Splitwise", "Splitwise.vcxproj", "{0D6BF34C-21B5-4A77-8369-50A2AE1CCB26}"
EndProject
Global
	GlobalSection(SolutionConfigurationPlatforms) = preSolution
		Debug|x64 = Debug|x64
		Debug|x86 = Debug|x86
		Release|x64 = Release|x64
		Release|x86 = Release|x86
	EndGlobalSection
	GlobalSection(ProjectConfigurationPlatforms) = postSolution
		{0D6BF34C-21B5-4A77-8369-50A2AE1CCB26}.Debug|x64.ActiveCfg = Debug|x64
		{0D6BF34C-21B5-4A77-8369-50A2AE1CCB26}.Debug|x64.Build.0 = Debug|x64
		{0D6BF34C-21B5-4A77-8369-50A2AE1CCB26}.Debug|x86.ActiveCfg = Debug|Win32
		{0D6BF34C-21B5-4A77-8369-50A2AE1CCB26}.Debug|x86.Build.0 = Debug|Win32
		{0D6BF34C-21B5-4A77-8369-50A2AE1CCB26}.Release|x64.ActiveCfg = Release|x64
		{0D6BF34C-21B5-4A77-8369-50A2AE1CCB26}.Release|x64.Build.0 = Release|x64
		{0D6BF34C-21B5-4A77-8369-50A2AE1CCB26}.Release|x86.ActiveCfg = Release|Win32
		{0D6BF34C-21B5-4A77-8369-50A2AE1CCB26}.Release|x86.Build.0 = Release|Win32
	EndGlobalSection
	GlobalSection(SolutionProperties) = preSolution
		HideSolutionNode = FALSE
	EndGlobalSection
	GlobalSection(ExtensibilityGlobals) = postSolution
		SolutionGuid = {77676C58-D1B6-45CF-9C95-1B3A7C6924DE}
	EndGlobalSection
EndGlobal
